// !$*UTF8*$!
{
	archiveVersion = 1;
	classes = {
	};
	objectVersion = 55;
	objects = {

/* Begin PBXBuildFile section */
		F71FCCEA28C7AE9800A50125 /* AwardsTests.swift in Sources */ = {isa = PBXBuildFile; fileRef = F71FCCE928C7AE9800A50125 /* AwardsTests.swift */; };
		F723038D28E9F5D20093604E /* HomeViewModel.swift in Sources */ = {isa = PBXBuildFile; fileRef = F723038C28E9F5D20093604E /* HomeViewModel.swift */; };
		F7249F2C28B3C3AB0088491A /* Localizable.strings in Resources */ = {isa = PBXBuildFile; fileRef = F7249F2E28B3C3AB0088491A /* Localizable.strings */; };
		F7249F3028B3C3B30088491A /* Localizable.stringsdict in Resources */ = {isa = PBXBuildFile; fileRef = F7249F3228B3C3B30088491A /* Localizable.stringsdict */; };
		F7249F3428B3C47F0088491A /* Awards.json in Resources */ = {isa = PBXBuildFile; fileRef = F7249F3628B3C47F0088491A /* Awards.json */; };
		F72B632228AE216900F016DE /* Bundle-Decodable.swift in Sources */ = {isa = PBXBuildFile; fileRef = F72B632128AE216900F016DE /* Bundle-Decodable.swift */; };
		F72B632628AE2BBD00F016DE /* Award.swift in Sources */ = {isa = PBXBuildFile; fileRef = F72B632528AE2BBD00F016DE /* Award.swift */; };
		F72B632828AE2D8D00F016DE /* AwardsView.swift in Sources */ = {isa = PBXBuildFile; fileRef = F72B632728AE2D8D00F016DE /* AwardsView.swift */; };
		F72BA2DD28C7213F004B0A37 /* TrackWishesTests.swift in Sources */ = {isa = PBXBuildFile; fileRef = F72BA2DC28C7213F004B0A37 /* TrackWishesTests.swift */; };
		F72BA2E428C737A0004B0A37 /* AssetTest.swift in Sources */ = {isa = PBXBuildFile; fileRef = F72BA2E328C737A0004B0A37 /* AssetTest.swift */; };
		F733823A28A0429700F75F8B /* ProjectHeaderView.swift in Sources */ = {isa = PBXBuildFile; fileRef = F733823928A0429700F75F8B /* ProjectHeaderView.swift */; };
		F733823C28A0489B00F75F8B /* Colors.xcassets in Resources */ = {isa = PBXBuildFile; fileRef = F733823B28A0489B00F75F8B /* Colors.xcassets */; };
		F73E56812899926F00C56AE8 /* HomeView.swift in Sources */ = {isa = PBXBuildFile; fileRef = F73E56802899926F00C56AE8 /* HomeView.swift */; };
		F73E56832899A21100C56AE8 /* ProjectsView.swift in Sources */ = {isa = PBXBuildFile; fileRef = F73E56822899A21100C56AE8 /* ProjectsView.swift */; };
		F74D855F28A836AA0082CD65 /* Sequence-Sorting.swift in Sources */ = {isa = PBXBuildFile; fileRef = F74D855E28A836AA0082CD65 /* Sequence-Sorting.swift */; };
		F74DB87028D5B3E200D4AAB4 /* PerformanceTests.swift in Sources */ = {isa = PBXBuildFile; fileRef = F74DB86F28D5B3E200D4AAB4 /* PerformanceTests.swift */; };
		F7594ECA28D70539004169B4 /* TrackWishesUITests.swift in Sources */ = {isa = PBXBuildFile; fileRef = F7594EC928D70539004169B4 /* TrackWishesUITests.swift */; };
		F7594ECC28D70539004169B4 /* TrackWishesUITestsLaunchTests.swift in Sources */ = {isa = PBXBuildFile; fileRef = F7594ECB28D70539004169B4 /* TrackWishesUITestsLaunchTests.swift */; };
		F7667EB0289FB70A003160DD /* Binding-Onchange.swift in Sources */ = {isa = PBXBuildFile; fileRef = F7667EAF289FB70A003160DD /* Binding-Onchange.swift */; };
		F78D415128D1DE5B00DFD1B8 /* ExtentionTests.swift in Sources */ = {isa = PBXBuildFile; fileRef = F78D415028D1DE5B00DFD1B8 /* ExtentionTests.swift */; };
		F78D415428D1FBC800DFD1B8 /* DecodableDictionary.json in Resources */ = {isa = PBXBuildFile; fileRef = F78D415328D1FBC800DFD1B8 /* DecodableDictionary.json */; };
		F78D415628D1FC2900DFD1B8 /* DecodableString.json in Resources */ = {isa = PBXBuildFile; fileRef = F78D415528D1FC2900DFD1B8 /* DecodableString.json */; };
		F790259D289BB0ED00262AA7 /* Item-CoreDataHelpers.swift in Sources */ = {isa = PBXBuildFile; fileRef = F790259C289BB0ED00262AA7 /* Item-CoreDataHelpers.swift */; };
		F790259F289BB2B800262AA7 /* Project-CoreDataHelpers.swift in Sources */ = {isa = PBXBuildFile; fileRef = F790259E289BB2B800262AA7 /* Project-CoreDataHelpers.swift */; };
		F79AB2A228CF45FC0005C6FC /* DevelopmentTests.swift in Sources */ = {isa = PBXBuildFile; fileRef = F79AB2A128CF45FC0005C6FC /* DevelopmentTests.swift */; };
		F79B621128A1B2F80010A05D /* EditProjectView.swift in Sources */ = {isa = PBXBuildFile; fileRef = F79B621028A1B2F80010A05D /* EditProjectView.swift */; };
		F7AD739E28C7AAC0006B97C2 /* ProjectTests.swift in Sources */ = {isa = PBXBuildFile; fileRef = F7AD739D28C7AAC0006B97C2 /* ProjectTests.swift */; };
		F7D6D5EC28B0C625005BEF23 /* Color-Addittion.swift in Sources */ = {isa = PBXBuildFile; fileRef = F7D6D5EB28B0C625005BEF23 /* Color-Addittion.swift */; };
		F7DCC40128994A0A00E79FDC /* TrackWishesApp.swift in Sources */ = {isa = PBXBuildFile; fileRef = F7DCC40028994A0A00E79FDC /* TrackWishesApp.swift */; };
		F7DCC40328994A0A00E79FDC /* ContentView.swift in Sources */ = {isa = PBXBuildFile; fileRef = F7DCC40228994A0A00E79FDC /* ContentView.swift */; };
		F7DCC40528994A0C00E79FDC /* Assets.xcassets in Resources */ = {isa = PBXBuildFile; fileRef = F7DCC40428994A0C00E79FDC /* Assets.xcassets */; };
		F7DCC41028994DAC00E79FDC /* Main.xcdatamodeld in Sources */ = {isa = PBXBuildFile; fileRef = F7DCC40E28994DAC00E79FDC /* Main.xcdatamodeld */; };
		F7DCC4122899514400E79FDC /* DataController.swift in Sources */ = {isa = PBXBuildFile; fileRef = F7DCC4112899514400E79FDC /* DataController.swift */; };
		F7E0CED428B608F300196E55 /* ItemListView.swift in Sources */ = {isa = PBXBuildFile; fileRef = F7E0CED328B608F300196E55 /* ItemListView.swift */; };
		F7E0CED628B60AF900196E55 /* ProjectSummaryView.swift in Sources */ = {isa = PBXBuildFile; fileRef = F7E0CED528B60AF900196E55 /* ProjectSummaryView.swift */; };
		F7EDB8D228E8CB45005DA9E3 /* ProjectViewModel.swift in Sources */ = {isa = PBXBuildFile; fileRef = F7EDB8D128E8CB45005DA9E3 /* ProjectViewModel.swift */; };
		F7F6457128AD8CB400343FC6 /* SelectSomethingView.swift in Sources */ = {isa = PBXBuildFile; fileRef = F7F6457028AD8CB400343FC6 /* SelectSomethingView.swift */; };
		F7F86416289DAC6700F39A40 /* EditItemView.swift in Sources */ = {isa = PBXBuildFile; fileRef = F7F86415289DAC6700F39A40 /* EditItemView.swift */; };
		F7F86418289DB41E00F39A40 /* ItemRowView.swift in Sources */ = {isa = PBXBuildFile; fileRef = F7F86417289DB41E00F39A40 /* ItemRowView.swift */; };
/* End PBXBuildFile section */

/* Begin PBXContainerItemProxy section */
		F72BA2DE28C7213F004B0A37 /* PBXContainerItemProxy */ = {
			isa = PBXContainerItemProxy;
			containerPortal = F7DCC3F528994A0A00E79FDC /* Project object */;
			proxyType = 1;
			remoteGlobalIDString = F7DCC3FC28994A0A00E79FDC;
			remoteInfo = TrackWishes;
		};
		F7594ECD28D70539004169B4 /* PBXContainerItemProxy */ = {
			isa = PBXContainerItemProxy;
			containerPortal = F7DCC3F528994A0A00E79FDC /* Project object */;
			proxyType = 1;
			remoteGlobalIDString = F7DCC3FC28994A0A00E79FDC;
			remoteInfo = TrackWishes;
		};
/* End PBXContainerItemProxy section */

/* Begin PBXFileReference section */
		F71FCCE928C7AE9800A50125 /* AwardsTests.swift */ = {isa = PBXFileReference; lastKnownFileType = sourcecode.swift; path = AwardsTests.swift; sourceTree = "<group>"; };
		F723038C28E9F5D20093604E /* HomeViewModel.swift */ = {isa = PBXFileReference; lastKnownFileType = sourcecode.swift; path = HomeViewModel.swift; sourceTree = "<group>"; };
		F7249F2D28B3C3AB0088491A /* en */ = {isa = PBXFileReference; lastKnownFileType = text.plist.strings; name = en; path = en.lproj/Localizable.strings; sourceTree = "<group>"; };
		F7249F2F28B3C3AD0088491A /* tr */ = {isa = PBXFileReference; lastKnownFileType = text.plist.strings; name = tr; path = tr.lproj/Localizable.strings; sourceTree = "<group>"; };
		F7249F3128B3C3B30088491A /* en */ = {isa = PBXFileReference; lastKnownFileType = text.plist.stringsdict; name = en; path = en.lproj/Localizable.stringsdict; sourceTree = "<group>"; };
		F7249F3328B3C3B60088491A /* tr */ = {isa = PBXFileReference; lastKnownFileType = text.plist.stringsdict; name = tr; path = tr.lproj/Localizable.stringsdict; sourceTree = "<group>"; };
		F7249F3528B3C47F0088491A /* en */ = {isa = PBXFileReference; lastKnownFileType = text.json; name = en; path = en.lproj/Awards.json; sourceTree = "<group>"; };
		F7249F3728B3C4820088491A /* tr */ = {isa = PBXFileReference; lastKnownFileType = text.json; name = tr; path = tr.lproj/Awards.json; sourceTree = "<group>"; };
		F72B632128AE216900F016DE /* Bundle-Decodable.swift */ = {isa = PBXFileReference; lastKnownFileType = sourcecode.swift; path = "Bundle-Decodable.swift"; sourceTree = "<group>"; };
		F72B632528AE2BBD00F016DE /* Award.swift */ = {isa = PBXFileReference; lastKnownFileType = sourcecode.swift; path = Award.swift; sourceTree = "<group>"; };
		F72B632728AE2D8D00F016DE /* AwardsView.swift */ = {isa = PBXFileReference; lastKnownFileType = sourcecode.swift; path = AwardsView.swift; sourceTree = "<group>"; };
		F72BA2DA28C7213F004B0A37 /* TrackWishesTests.xctest */ = {isa = PBXFileReference; explicitFileType = wrapper.cfbundle; includeInIndex = 0; path = TrackWishesTests.xctest; sourceTree = BUILT_PRODUCTS_DIR; };
		F72BA2DC28C7213F004B0A37 /* TrackWishesTests.swift */ = {isa = PBXFileReference; lastKnownFileType = sourcecode.swift; path = TrackWishesTests.swift; sourceTree = "<group>"; };
		F72BA2E328C737A0004B0A37 /* AssetTest.swift */ = {isa = PBXFileReference; lastKnownFileType = sourcecode.swift; path = AssetTest.swift; sourceTree = "<group>"; };
		F733823928A0429700F75F8B /* ProjectHeaderView.swift */ = {isa = PBXFileReference; lastKnownFileType = sourcecode.swift; path = ProjectHeaderView.swift; sourceTree = "<group>"; };
		F733823B28A0489B00F75F8B /* Colors.xcassets */ = {isa = PBXFileReference; lastKnownFileType = folder.assetcatalog; path = Colors.xcassets; sourceTree = "<group>"; };
		F73E56802899926F00C56AE8 /* HomeView.swift */ = {isa = PBXFileReference; lastKnownFileType = sourcecode.swift; path = HomeView.swift; sourceTree = "<group>"; };
		F73E56822899A21100C56AE8 /* ProjectsView.swift */ = {isa = PBXFileReference; lastKnownFileType = sourcecode.swift; path = ProjectsView.swift; sourceTree = "<group>"; };
		F74D855E28A836AA0082CD65 /* Sequence-Sorting.swift */ = {isa = PBXFileReference; lastKnownFileType = sourcecode.swift; path = "Sequence-Sorting.swift"; sourceTree = "<group>"; };
		F74DB86F28D5B3E200D4AAB4 /* PerformanceTests.swift */ = {isa = PBXFileReference; lastKnownFileType = sourcecode.swift; path = PerformanceTests.swift; sourceTree = "<group>"; };
		F7594EC728D70539004169B4 /* TrackWishesUITests.xctest */ = {isa = PBXFileReference; explicitFileType = wrapper.cfbundle; includeInIndex = 0; path = TrackWishesUITests.xctest; sourceTree = BUILT_PRODUCTS_DIR; };
		F7594EC928D70539004169B4 /* TrackWishesUITests.swift */ = {isa = PBXFileReference; lastKnownFileType = sourcecode.swift; path = TrackWishesUITests.swift; sourceTree = "<group>"; };
		F7594ECB28D70539004169B4 /* TrackWishesUITestsLaunchTests.swift */ = {isa = PBXFileReference; lastKnownFileType = sourcecode.swift; path = TrackWishesUITestsLaunchTests.swift; sourceTree = "<group>"; };
		F7667EAF289FB70A003160DD /* Binding-Onchange.swift */ = {isa = PBXFileReference; lastKnownFileType = sourcecode.swift; path = "Binding-Onchange.swift"; sourceTree = "<group>"; };
		F78D415028D1DE5B00DFD1B8 /* ExtentionTests.swift */ = {isa = PBXFileReference; lastKnownFileType = sourcecode.swift; path = ExtentionTests.swift; sourceTree = "<group>"; };
		F78D415328D1FBC800DFD1B8 /* DecodableDictionary.json */ = {isa = PBXFileReference; lastKnownFileType = text.json; path = DecodableDictionary.json; sourceTree = "<group>"; };
		F78D415528D1FC2900DFD1B8 /* DecodableString.json */ = {isa = PBXFileReference; lastKnownFileType = text.json; path = DecodableString.json; sourceTree = "<group>"; };
		F790259C289BB0ED00262AA7 /* Item-CoreDataHelpers.swift */ = {isa = PBXFileReference; lastKnownFileType = sourcecode.swift; path = "Item-CoreDataHelpers.swift"; sourceTree = "<group>"; };
		F790259E289BB2B800262AA7 /* Project-CoreDataHelpers.swift */ = {isa = PBXFileReference; lastKnownFileType = sourcecode.swift; path = "Project-CoreDataHelpers.swift"; sourceTree = "<group>"; };
		F79AB2A128CF45FC0005C6FC /* DevelopmentTests.swift */ = {isa = PBXFileReference; lastKnownFileType = sourcecode.swift; path = DevelopmentTests.swift; sourceTree = "<group>"; };
		F79B621028A1B2F80010A05D /* EditProjectView.swift */ = {isa = PBXFileReference; lastKnownFileType = sourcecode.swift; path = EditProjectView.swift; sourceTree = "<group>"; };
		F7AD739D28C7AAC0006B97C2 /* ProjectTests.swift */ = {isa = PBXFileReference; lastKnownFileType = sourcecode.swift; path = ProjectTests.swift; sourceTree = "<group>"; };
		F7D6D5EB28B0C625005BEF23 /* Color-Addittion.swift */ = {isa = PBXFileReference; lastKnownFileType = sourcecode.swift; path = "Color-Addittion.swift"; sourceTree = "<group>"; };
		F7DCC3FD28994A0A00E79FDC /* TrackWishes.app */ = {isa = PBXFileReference; explicitFileType = wrapper.application; includeInIndex = 0; path = TrackWishes.app; sourceTree = BUILT_PRODUCTS_DIR; };
		F7DCC40028994A0A00E79FDC /* TrackWishesApp.swift */ = {isa = PBXFileReference; lastKnownFileType = sourcecode.swift; path = TrackWishesApp.swift; sourceTree = "<group>"; };
		F7DCC40228994A0A00E79FDC /* ContentView.swift */ = {isa = PBXFileReference; lastKnownFileType = sourcecode.swift; path = ContentView.swift; sourceTree = "<group>"; };
		F7DCC40428994A0C00E79FDC /* Assets.xcassets */ = {isa = PBXFileReference; lastKnownFileType = folder.assetcatalog; path = Assets.xcassets; sourceTree = "<group>"; };
		F7DCC40F28994DAC00E79FDC /* Main.xcdatamodel */ = {isa = PBXFileReference; lastKnownFileType = wrapper.xcdatamodel; path = Main.xcdatamodel; sourceTree = "<group>"; };
		F7DCC4112899514400E79FDC /* DataController.swift */ = {isa = PBXFileReference; lastKnownFileType = sourcecode.swift; path = DataController.swift; sourceTree = "<group>"; };
		F7DCC41328995E8500E79FDC /* Info.plist */ = {isa = PBXFileReference; lastKnownFileType = text.plist.xml; path = Info.plist; sourceTree = "<group>"; };
		F7E0CED328B608F300196E55 /* ItemListView.swift */ = {isa = PBXFileReference; lastKnownFileType = sourcecode.swift; path = ItemListView.swift; sourceTree = "<group>"; };
		F7E0CED528B60AF900196E55 /* ProjectSummaryView.swift */ = {isa = PBXFileReference; lastKnownFileType = sourcecode.swift; path = ProjectSummaryView.swift; sourceTree = "<group>"; };
		F7EDB8D128E8CB45005DA9E3 /* ProjectViewModel.swift */ = {isa = PBXFileReference; lastKnownFileType = sourcecode.swift; path = ProjectViewModel.swift; sourceTree = "<group>"; };
		F7F6457028AD8CB400343FC6 /* SelectSomethingView.swift */ = {isa = PBXFileReference; lastKnownFileType = sourcecode.swift; path = SelectSomethingView.swift; sourceTree = "<group>"; };
		F7F86415289DAC6700F39A40 /* EditItemView.swift */ = {isa = PBXFileReference; lastKnownFileType = sourcecode.swift; path = EditItemView.swift; sourceTree = "<group>"; };
		F7F86417289DB41E00F39A40 /* ItemRowView.swift */ = {isa = PBXFileReference; lastKnownFileType = sourcecode.swift; path = ItemRowView.swift; sourceTree = "<group>"; };
/* End PBXFileReference section */

/* Begin PBXFrameworksBuildPhase section */
		F72BA2D728C7213F004B0A37 /* Frameworks */ = {
			isa = PBXFrameworksBuildPhase;
			buildActionMask = 2147483647;
			files = (
			);
			runOnlyForDeploymentPostprocessing = 0;
		};
		F7594EC428D70539004169B4 /* Frameworks */ = {
			isa = PBXFrameworksBuildPhase;
			buildActionMask = 2147483647;
			files = (
			);
			runOnlyForDeploymentPostprocessing = 0;
		};
		F7DCC3FA28994A0A00E79FDC /* Frameworks */ = {
			isa = PBXFrameworksBuildPhase;
			buildActionMask = 2147483647;
			files = (
			);
			runOnlyForDeploymentPostprocessing = 0;
		};
/* End PBXFrameworksBuildPhase section */

/* Begin PBXGroup section */
		F72BA2DB28C7213F004B0A37 /* TrackWishesTests */ = {
			isa = PBXGroup;
			children = (
				F78D415228D1FB9A00DFD1B8 /* Fixtures */,
				F72BA2DC28C7213F004B0A37 /* TrackWishesTests.swift */,
				F7AD739D28C7AAC0006B97C2 /* ProjectTests.swift */,
				F71FCCE928C7AE9800A50125 /* AwardsTests.swift */,
				F72BA2E328C737A0004B0A37 /* AssetTest.swift */,
				F79AB2A128CF45FC0005C6FC /* DevelopmentTests.swift */,
				F78D415028D1DE5B00DFD1B8 /* ExtentionTests.swift */,
				F74DB86F28D5B3E200D4AAB4 /* PerformanceTests.swift */,
			);
			path = TrackWishesTests;
			sourceTree = "<group>";
		};
		F7594EC828D70539004169B4 /* TrackWishesUITests */ = {
			isa = PBXGroup;
			children = (
				F7594EC928D70539004169B4 /* TrackWishesUITests.swift */,
				F7594ECB28D70539004169B4 /* TrackWishesUITestsLaunchTests.swift */,
			);
			path = TrackWishesUITests;
			sourceTree = "<group>";
		};
		F77F3D8828BF560D000E419A /* Extentions */ = {
			isa = PBXGroup;
			children = (
				F790259C289BB0ED00262AA7 /* Item-CoreDataHelpers.swift */,
				F790259E289BB2B800262AA7 /* Project-CoreDataHelpers.swift */,
				F72B632128AE216900F016DE /* Bundle-Decodable.swift */,
				F7667EAF289FB70A003160DD /* Binding-Onchange.swift */,
				F74D855E28A836AA0082CD65 /* Sequence-Sorting.swift */,
				F7D6D5EB28B0C625005BEF23 /* Color-Addittion.swift */,
			);
			path = Extentions;
			sourceTree = "<group>";
		};
		F77F3D8928BF561B000E419A /* Locallization */ = {
			isa = PBXGroup;
			children = (
				F7249F3228B3C3B30088491A /* Localizable.stringsdict */,
				F7249F2E28B3C3AB0088491A /* Localizable.strings */,
			);
			path = Locallization;
			sourceTree = "<group>";
		};
		F77F3D8A28BF5638000E419A /* Configuration */ = {
			isa = PBXGroup;
			children = (
				F7DCC40E28994DAC00E79FDC /* Main.xcdatamodeld */,
				F7DCC41328995E8500E79FDC /* Info.plist */,
			);
			path = Configuration;
			sourceTree = "<group>";
		};
		F77F3D8B28BF5B08000E419A /* Activities */ = {
			isa = PBXGroup;
			children = (
				F77F3D8C28BF5B1A000E419A /* Home */,
				F77F3D8D28BF5B40000E419A /* Projects */,
				F77F3D8E28BF5B57000E419A /* Awards */,
			);
			path = Activities;
			sourceTree = "<group>";
		};
		F77F3D8C28BF5B1A000E419A /* Home */ = {
			isa = PBXGroup;
			children = (
				F73E56802899926F00C56AE8 /* HomeView.swift */,
				F723038C28E9F5D20093604E /* HomeViewModel.swift */,
				F7E0CED528B60AF900196E55 /* ProjectSummaryView.swift */,
			);
			path = Home;
			sourceTree = "<group>";
		};
		F77F3D8D28BF5B40000E419A /* Projects */ = {
			isa = PBXGroup;
			children = (
				F73E56822899A21100C56AE8 /* ProjectsView.swift */,
				F7EDB8D128E8CB45005DA9E3 /* ProjectViewModel.swift */,
				F7F6457028AD8CB400343FC6 /* SelectSomethingView.swift */,
				F733823928A0429700F75F8B /* ProjectHeaderView.swift */,
				F7F86417289DB41E00F39A40 /* ItemRowView.swift */,
				F79B621028A1B2F80010A05D /* EditProjectView.swift */,
				F7F86415289DAC6700F39A40 /* EditItemView.swift */,
				F7E0CED328B608F300196E55 /* ItemListView.swift */,
			);
			path = Projects;
			sourceTree = "<group>";
		};
		F77F3D8E28BF5B57000E419A /* Awards */ = {
			isa = PBXGroup;
			children = (
				F72B632728AE2D8D00F016DE /* AwardsView.swift */,
				F72B632528AE2BBD00F016DE /* Award.swift */,
				F7249F3628B3C47F0088491A /* Awards.json */,
			);
			path = Awards;
			sourceTree = "<group>";
		};
		F78D415228D1FB9A00DFD1B8 /* Fixtures */ = {
			isa = PBXGroup;
			children = (
				F78D415328D1FBC800DFD1B8 /* DecodableDictionary.json */,
				F78D415528D1FC2900DFD1B8 /* DecodableString.json */,
			);
			path = Fixtures;
			sourceTree = "<group>";
		};
		F7DCC3F428994A0A00E79FDC = {
			isa = PBXGroup;
			children = (
				F7DCC3FF28994A0A00E79FDC /* TrackWishes */,
				F72BA2DB28C7213F004B0A37 /* TrackWishesTests */,
				F7594EC828D70539004169B4 /* TrackWishesUITests */,
				F7DCC3FE28994A0A00E79FDC /* Products */,
			);
			sourceTree = "<group>";
		};
		F7DCC3FE28994A0A00E79FDC /* Products */ = {
			isa = PBXGroup;
			children = (
				F7DCC3FD28994A0A00E79FDC /* TrackWishes.app */,
				F72BA2DA28C7213F004B0A37 /* TrackWishesTests.xctest */,
				F7594EC728D70539004169B4 /* TrackWishesUITests.xctest */,
			);
			name = Products;
			sourceTree = "<group>";
		};
		F7DCC3FF28994A0A00E79FDC /* TrackWishes */ = {
			isa = PBXGroup;
			children = (
				F7DCC40028994A0A00E79FDC /* TrackWishesApp.swift */,
				F7DCC40228994A0A00E79FDC /* ContentView.swift */,
				F7DCC4112899514400E79FDC /* DataController.swift */,
				F77F3D8B28BF5B08000E419A /* Activities */,
				F77F3D8828BF560D000E419A /* Extentions */,
				F77F3D8928BF561B000E419A /* Locallization */,
				F77F3D8A28BF5638000E419A /* Configuration */,
				F7DCC40428994A0C00E79FDC /* Assets.xcassets */,
				F733823B28A0489B00F75F8B /* Colors.xcassets */,
				F7DCC40628994A0C00E79FDC /* Preview Content */,
			);
			path = TrackWishes;
			sourceTree = "<group>";
		};
		F7DCC40628994A0C00E79FDC /* Preview Content */ = {
			isa = PBXGroup;
			children = (
			);
			path = "Preview Content";
			sourceTree = "<group>";
		};
/* End PBXGroup section */

/* Begin PBXNativeTarget section */
		F72BA2D928C7213F004B0A37 /* TrackWishesTests */ = {
			isa = PBXNativeTarget;
			buildConfigurationList = F72BA2E228C7213F004B0A37 /* Build configuration list for PBXNativeTarget "TrackWishesTests" */;
			buildPhases = (
				F72BA2D628C7213F004B0A37 /* Sources */,
				F72BA2D728C7213F004B0A37 /* Frameworks */,
				F72BA2D828C7213F004B0A37 /* Resources */,
			);
			buildRules = (
			);
			dependencies = (
				F72BA2DF28C7213F004B0A37 /* PBXTargetDependency */,
			);
			name = TrackWishesTests;
			productName = TrackWishesTests;
			productReference = F72BA2DA28C7213F004B0A37 /* TrackWishesTests.xctest */;
			productType = "com.apple.product-type.bundle.unit-test";
		};
		F7594EC628D70539004169B4 /* TrackWishesUITests */ = {
			isa = PBXNativeTarget;
			buildConfigurationList = F7594ED128D70539004169B4 /* Build configuration list for PBXNativeTarget "TrackWishesUITests" */;
			buildPhases = (
				F7594EC328D70539004169B4 /* Sources */,
				F7594EC428D70539004169B4 /* Frameworks */,
				F7594EC528D70539004169B4 /* Resources */,
			);
			buildRules = (
			);
			dependencies = (
				F7594ECE28D70539004169B4 /* PBXTargetDependency */,
			);
			name = TrackWishesUITests;
			productName = TrackWishesUITests;
			productReference = F7594EC728D70539004169B4 /* TrackWishesUITests.xctest */;
			productType = "com.apple.product-type.bundle.ui-testing";
		};
		F7DCC3FC28994A0A00E79FDC /* TrackWishes */ = {
			isa = PBXNativeTarget;
			buildConfigurationList = F7DCC40B28994A0C00E79FDC /* Build configuration list for PBXNativeTarget "TrackWishes" */;
			buildPhases = (
				F7DCC3F928994A0A00E79FDC /* Sources */,
				F7DCC3FA28994A0A00E79FDC /* Frameworks */,
				F7DCC3FB28994A0A00E79FDC /* Resources */,
			);
			buildRules = (
			);
			dependencies = (
			);
			name = TrackWishes;
			productName = TrackWishes;
			productReference = F7DCC3FD28994A0A00E79FDC /* TrackWishes.app */;
			productType = "com.apple.product-type.application";
		};
/* End PBXNativeTarget section */

/* Begin PBXProject section */
		F7DCC3F528994A0A00E79FDC /* Project object */ = {
			isa = PBXProject;
			attributes = {
				BuildIndependentTargetsInParallel = 1;
				LastSwiftUpdateCheck = 1400;
				LastUpgradeCheck = 1400;
				TargetAttributes = {
					F72BA2D928C7213F004B0A37 = {
						CreatedOnToolsVersion = 13.2.1;
						TestTargetID = F7DCC3FC28994A0A00E79FDC;
					};
					F7594EC628D70539004169B4 = {
						CreatedOnToolsVersion = 14.0;
						TestTargetID = F7DCC3FC28994A0A00E79FDC;
					};
					F7DCC3FC28994A0A00E79FDC = {
						CreatedOnToolsVersion = 13.2.1;
					};
				};
			};
			buildConfigurationList = F7DCC3F828994A0A00E79FDC /* Build configuration list for PBXProject "TrackWishes" */;
			compatibilityVersion = "Xcode 13.0";
			developmentRegion = en;
			hasScannedForEncodings = 0;
			knownRegions = (
				en,
				tr,
			);
			mainGroup = F7DCC3F428994A0A00E79FDC;
			productRefGroup = F7DCC3FE28994A0A00E79FDC /* Products */;
			projectDirPath = "";
			projectRoot = "";
			targets = (
				F7DCC3FC28994A0A00E79FDC /* TrackWishes */,
				F72BA2D928C7213F004B0A37 /* TrackWishesTests */,
				F7594EC628D70539004169B4 /* TrackWishesUITests */,
			);
		};
/* End PBXProject section */

/* Begin PBXResourcesBuildPhase section */
		F72BA2D828C7213F004B0A37 /* Resources */ = {
			isa = PBXResourcesBuildPhase;
			buildActionMask = 2147483647;
			files = (
				F78D415628D1FC2900DFD1B8 /* DecodableString.json in Resources */,
				F78D415428D1FBC800DFD1B8 /* DecodableDictionary.json in Resources */,
			);
			runOnlyForDeploymentPostprocessing = 0;
		};
		F7594EC528D70539004169B4 /* Resources */ = {
			isa = PBXResourcesBuildPhase;
			buildActionMask = 2147483647;
			files = (
			);
			runOnlyForDeploymentPostprocessing = 0;
		};
		F7DCC3FB28994A0A00E79FDC /* Resources */ = {
			isa = PBXResourcesBuildPhase;
			buildActionMask = 2147483647;
			files = (
				F7249F2C28B3C3AB0088491A /* Localizable.strings in Resources */,
				F733823C28A0489B00F75F8B /* Colors.xcassets in Resources */,
				F7249F3428B3C47F0088491A /* Awards.json in Resources */,
				F7DCC40528994A0C00E79FDC /* Assets.xcassets in Resources */,
				F7249F3028B3C3B30088491A /* Localizable.stringsdict in Resources */,
			);
			runOnlyForDeploymentPostprocessing = 0;
		};
/* End PBXResourcesBuildPhase section */

/* Begin PBXSourcesBuildPhase section */
		F72BA2D628C7213F004B0A37 /* Sources */ = {
			isa = PBXSourcesBuildPhase;
			buildActionMask = 2147483647;
			files = (
				F74DB87028D5B3E200D4AAB4 /* PerformanceTests.swift in Sources */,
				F72BA2E428C737A0004B0A37 /* AssetTest.swift in Sources */,
				F71FCCEA28C7AE9800A50125 /* AwardsTests.swift in Sources */,
				F72BA2DD28C7213F004B0A37 /* TrackWishesTests.swift in Sources */,
				F7AD739E28C7AAC0006B97C2 /* ProjectTests.swift in Sources */,
				F78D415128D1DE5B00DFD1B8 /* ExtentionTests.swift in Sources */,
				F79AB2A228CF45FC0005C6FC /* DevelopmentTests.swift in Sources */,
			);
			runOnlyForDeploymentPostprocessing = 0;
		};
		F7594EC328D70539004169B4 /* Sources */ = {
			isa = PBXSourcesBuildPhase;
			buildActionMask = 2147483647;
			files = (
				F7594ECA28D70539004169B4 /* TrackWishesUITests.swift in Sources */,
				F7594ECC28D70539004169B4 /* TrackWishesUITestsLaunchTests.swift in Sources */,
			);
			runOnlyForDeploymentPostprocessing = 0;
		};
		F7DCC3F928994A0A00E79FDC /* Sources */ = {
			isa = PBXSourcesBuildPhase;
			buildActionMask = 2147483647;
			files = (
				F73E56832899A21100C56AE8 /* ProjectsView.swift in Sources */,
				F7E0CED628B60AF900196E55 /* ProjectSummaryView.swift in Sources */,
				F733823A28A0429700F75F8B /* ProjectHeaderView.swift in Sources */,
				F7E0CED428B608F300196E55 /* ItemListView.swift in Sources */,
				F72B632828AE2D8D00F016DE /* AwardsView.swift in Sources */,
				F723038D28E9F5D20093604E /* HomeViewModel.swift in Sources */,
				F7DCC41028994DAC00E79FDC /* Main.xcdatamodeld in Sources */,
				F7D6D5EC28B0C625005BEF23 /* Color-Addittion.swift in Sources */,
				F7667EB0289FB70A003160DD /* Binding-Onchange.swift in Sources */,
				F79B621128A1B2F80010A05D /* EditProjectView.swift in Sources */,
				F790259F289BB2B800262AA7 /* Project-CoreDataHelpers.swift in Sources */,
				F7EDB8D228E8CB45005DA9E3 /* ProjectViewModel.swift in Sources */,
				F7F6457128AD8CB400343FC6 /* SelectSomethingView.swift in Sources */,
				F72B632628AE2BBD00F016DE /* Award.swift in Sources */,
				F7DCC4122899514400E79FDC /* DataController.swift in Sources */,
				F7F86418289DB41E00F39A40 /* ItemRowView.swift in Sources */,
				F7DCC40328994A0A00E79FDC /* ContentView.swift in Sources */,
				F74D855F28A836AA0082CD65 /* Sequence-Sorting.swift in Sources */,
				F72B632228AE216900F016DE /* Bundle-Decodable.swift in Sources */,
				F73E56812899926F00C56AE8 /* HomeView.swift in Sources */,
				F7DCC40128994A0A00E79FDC /* TrackWishesApp.swift in Sources */,
				F790259D289BB0ED00262AA7 /* Item-CoreDataHelpers.swift in Sources */,
				F7F86416289DAC6700F39A40 /* EditItemView.swift in Sources */,
			);
			runOnlyForDeploymentPostprocessing = 0;
		};
/* End PBXSourcesBuildPhase section */

/* Begin PBXTargetDependency section */
		F72BA2DF28C7213F004B0A37 /* PBXTargetDependency */ = {
			isa = PBXTargetDependency;
			target = F7DCC3FC28994A0A00E79FDC /* TrackWishes */;
			targetProxy = F72BA2DE28C7213F004B0A37 /* PBXContainerItemProxy */;
		};
		F7594ECE28D70539004169B4 /* PBXTargetDependency */ = {
			isa = PBXTargetDependency;
			target = F7DCC3FC28994A0A00E79FDC /* TrackWishes */;
			targetProxy = F7594ECD28D70539004169B4 /* PBXContainerItemProxy */;
		};
/* End PBXTargetDependency section */

/* Begin PBXVariantGroup section */
		F7249F2E28B3C3AB0088491A /* Localizable.strings */ = {
			isa = PBXVariantGroup;
			children = (
				F7249F2D28B3C3AB0088491A /* en */,
				F7249F2F28B3C3AD0088491A /* tr */,
			);
			name = Localizable.strings;
			sourceTree = "<group>";
		};
		F7249F3228B3C3B30088491A /* Localizable.stringsdict */ = {
			isa = PBXVariantGroup;
			children = (
				F7249F3128B3C3B30088491A /* en */,
				F7249F3328B3C3B60088491A /* tr */,
			);
			name = Localizable.stringsdict;
			sourceTree = "<group>";
		};
		F7249F3628B3C47F0088491A /* Awards.json */ = {
			isa = PBXVariantGroup;
			children = (
				F7249F3528B3C47F0088491A /* en */,
				F7249F3728B3C4820088491A /* tr */,
			);
			name = Awards.json;
			sourceTree = "<group>";
		};
/* End PBXVariantGroup section */

/* Begin XCBuildConfiguration section */
		F72BA2E028C7213F004B0A37 /* Debug */ = {
			isa = XCBuildConfiguration;
			buildSettings = {
				BUNDLE_LOADER = "$(TEST_HOST)";
				CODE_SIGN_STYLE = Automatic;
				CURRENT_PROJECT_VERSION = 1;
				DEVELOPMENT_TEAM = P9MF2VU639;
				GENERATE_INFOPLIST_FILE = YES;
				MARKETING_VERSION = 1.0;
				PRODUCT_BUNDLE_IDENTIFIER = com.bozkurt.TrackWishesTests;
				PRODUCT_NAME = "$(TARGET_NAME)";
				SWIFT_EMIT_LOC_STRINGS = NO;
				SWIFT_VERSION = 5.0;
				TARGETED_DEVICE_FAMILY = "1,2";
				TEST_HOST = "$(BUILT_PRODUCTS_DIR)/TrackWishes.app/TrackWishes";
			};
			name = Debug;
		};
		F72BA2E128C7213F004B0A37 /* Release */ = {
			isa = XCBuildConfiguration;
			buildSettings = {
				BUNDLE_LOADER = "$(TEST_HOST)";
				CODE_SIGN_STYLE = Automatic;
				CURRENT_PROJECT_VERSION = 1;
				DEVELOPMENT_TEAM = P9MF2VU639;
				GENERATE_INFOPLIST_FILE = YES;
				MARKETING_VERSION = 1.0;
				PRODUCT_BUNDLE_IDENTIFIER = com.bozkurt.TrackWishesTests;
				PRODUCT_NAME = "$(TARGET_NAME)";
				SWIFT_EMIT_LOC_STRINGS = NO;
				SWIFT_VERSION = 5.0;
				TARGETED_DEVICE_FAMILY = "1,2";
				TEST_HOST = "$(BUILT_PRODUCTS_DIR)/TrackWishes.app/TrackWishes";
			};
			name = Release;
		};
		F7594ECF28D70539004169B4 /* Debug */ = {
			isa = XCBuildConfiguration;
			buildSettings = {
				CLANG_CXX_LANGUAGE_STANDARD = "gnu++20";
				CODE_SIGN_STYLE = Automatic;
				CURRENT_PROJECT_VERSION = 1;
				DEVELOPMENT_TEAM = ZYUPV82V3X;
				GENERATE_INFOPLIST_FILE = YES;
				IPHONEOS_DEPLOYMENT_TARGET = 15.2;
				MARKETING_VERSION = 1.0;
				PRODUCT_BUNDLE_IDENTIFIER = com.gokhan.bozkurt.TrackWishesUITests;
				PRODUCT_NAME = "$(TARGET_NAME)";
				SWIFT_EMIT_LOC_STRINGS = NO;
				SWIFT_VERSION = 5.0;
				TARGETED_DEVICE_FAMILY = "1,2";
				TEST_TARGET_NAME = TrackWishes;
			};
			name = Debug;
		};
		F7594ED028D70539004169B4 /* Release */ = {
			isa = XCBuildConfiguration;
			buildSettings = {
				CLANG_CXX_LANGUAGE_STANDARD = "gnu++20";
				CODE_SIGN_STYLE = Automatic;
				CURRENT_PROJECT_VERSION = 1;
				DEVELOPMENT_TEAM = ZYUPV82V3X;
				GENERATE_INFOPLIST_FILE = YES;
				IPHONEOS_DEPLOYMENT_TARGET = 15.2;
				MARKETING_VERSION = 1.0;
				PRODUCT_BUNDLE_IDENTIFIER = com.gokhan.bozkurt.TrackWishesUITests;
				PRODUCT_NAME = "$(TARGET_NAME)";
				SWIFT_EMIT_LOC_STRINGS = NO;
				SWIFT_VERSION = 5.0;
				TARGETED_DEVICE_FAMILY = "1,2";
				TEST_TARGET_NAME = TrackWishes;
			};
			name = Release;
		};
		F7DCC40928994A0C00E79FDC /* Debug */ = {
			isa = XCBuildConfiguration;
			buildSettings = {
				ALWAYS_SEARCH_USER_PATHS = NO;
				CLANG_ANALYZER_LOCALIZABILITY_NONLOCALIZED = YES;
				CLANG_ANALYZER_NONNULL = YES;
				CLANG_ANALYZER_NUMBER_OBJECT_CONVERSION = YES_AGGRESSIVE;
				CLANG_CXX_LANGUAGE_STANDARD = "gnu++17";
				CLANG_CXX_LIBRARY = "libc++";
				CLANG_ENABLE_MODULES = YES;
				CLANG_ENABLE_OBJC_ARC = YES;
				CLANG_ENABLE_OBJC_WEAK = YES;
				CLANG_WARN_BLOCK_CAPTURE_AUTORELEASING = YES;
				CLANG_WARN_BOOL_CONVERSION = YES;
				CLANG_WARN_COMMA = YES;
				CLANG_WARN_CONSTANT_CONVERSION = YES;
				CLANG_WARN_DEPRECATED_OBJC_IMPLEMENTATIONS = YES;
				CLANG_WARN_DIRECT_OBJC_ISA_USAGE = YES_ERROR;
				CLANG_WARN_DOCUMENTATION_COMMENTS = YES;
				CLANG_WARN_EMPTY_BODY = YES;
				CLANG_WARN_ENUM_CONVERSION = YES;
				CLANG_WARN_INFINITE_RECURSION = YES;
				CLANG_WARN_INT_CONVERSION = YES;
				CLANG_WARN_NON_LITERAL_NULL_CONVERSION = YES;
				CLANG_WARN_OBJC_IMPLICIT_RETAIN_SELF = YES;
				CLANG_WARN_OBJC_LITERAL_CONVERSION = YES;
				CLANG_WARN_OBJC_ROOT_CLASS = YES_ERROR;
				CLANG_WARN_QUOTED_INCLUDE_IN_FRAMEWORK_HEADER = YES;
				CLANG_WARN_RANGE_LOOP_ANALYSIS = YES;
				CLANG_WARN_STRICT_PROTOTYPES = YES;
				CLANG_WARN_SUSPICIOUS_MOVE = YES;
				CLANG_WARN_UNGUARDED_AVAILABILITY = YES_AGGRESSIVE;
				CLANG_WARN_UNREACHABLE_CODE = YES;
				CLANG_WARN__DUPLICATE_METHOD_MATCH = YES;
				COPY_PHASE_STRIP = NO;
				DEBUG_INFORMATION_FORMAT = dwarf;
				ENABLE_STRICT_OBJC_MSGSEND = YES;
				ENABLE_TESTABILITY = YES;
				GCC_C_LANGUAGE_STANDARD = gnu11;
				GCC_DYNAMIC_NO_PIC = NO;
				GCC_NO_COMMON_BLOCKS = YES;
				GCC_OPTIMIZATION_LEVEL = 0;
				GCC_PREPROCESSOR_DEFINITIONS = (
					"DEBUG=1",
					"$(inherited)",
				);
				GCC_WARN_64_TO_32_BIT_CONVERSION = YES;
				GCC_WARN_ABOUT_RETURN_TYPE = YES_ERROR;
				GCC_WARN_UNDECLARED_SELECTOR = YES;
				GCC_WARN_UNINITIALIZED_AUTOS = YES_AGGRESSIVE;
				GCC_WARN_UNUSED_FUNCTION = YES;
				GCC_WARN_UNUSED_VARIABLE = YES;
				IPHONEOS_DEPLOYMENT_TARGET = 15.2;
				MTL_ENABLE_DEBUG_INFO = INCLUDE_SOURCE;
				MTL_FAST_MATH = YES;
				ONLY_ACTIVE_ARCH = YES;
				SDKROOT = iphoneos;
				SWIFT_ACTIVE_COMPILATION_CONDITIONS = DEBUG;
				SWIFT_OPTIMIZATION_LEVEL = "-Onone";
			};
			name = Debug;
		};
		F7DCC40A28994A0C00E79FDC /* Release */ = {
			isa = XCBuildConfiguration;
			buildSettings = {
				ALWAYS_SEARCH_USER_PATHS = NO;
				CLANG_ANALYZER_LOCALIZABILITY_NONLOCALIZED = YES;
				CLANG_ANALYZER_NONNULL = YES;
				CLANG_ANALYZER_NUMBER_OBJECT_CONVERSION = YES_AGGRESSIVE;
				CLANG_CXX_LANGUAGE_STANDARD = "gnu++17";
				CLANG_CXX_LIBRARY = "libc++";
				CLANG_ENABLE_MODULES = YES;
				CLANG_ENABLE_OBJC_ARC = YES;
				CLANG_ENABLE_OBJC_WEAK = YES;
				CLANG_WARN_BLOCK_CAPTURE_AUTORELEASING = YES;
				CLANG_WARN_BOOL_CONVERSION = YES;
				CLANG_WARN_COMMA = YES;
				CLANG_WARN_CONSTANT_CONVERSION = YES;
				CLANG_WARN_DEPRECATED_OBJC_IMPLEMENTATIONS = YES;
				CLANG_WARN_DIRECT_OBJC_ISA_USAGE = YES_ERROR;
				CLANG_WARN_DOCUMENTATION_COMMENTS = YES;
				CLANG_WARN_EMPTY_BODY = YES;
				CLANG_WARN_ENUM_CONVERSION = YES;
				CLANG_WARN_INFINITE_RECURSION = YES;
				CLANG_WARN_INT_CONVERSION = YES;
				CLANG_WARN_NON_LITERAL_NULL_CONVERSION = YES;
				CLANG_WARN_OBJC_IMPLICIT_RETAIN_SELF = YES;
				CLANG_WARN_OBJC_LITERAL_CONVERSION = YES;
				CLANG_WARN_OBJC_ROOT_CLASS = YES_ERROR;
				CLANG_WARN_QUOTED_INCLUDE_IN_FRAMEWORK_HEADER = YES;
				CLANG_WARN_RANGE_LOOP_ANALYSIS = YES;
				CLANG_WARN_STRICT_PROTOTYPES = YES;
				CLANG_WARN_SUSPICIOUS_MOVE = YES;
				CLANG_WARN_UNGUARDED_AVAILABILITY = YES_AGGRESSIVE;
				CLANG_WARN_UNREACHABLE_CODE = YES;
				CLANG_WARN__DUPLICATE_METHOD_MATCH = YES;
				COPY_PHASE_STRIP = NO;
				DEBUG_INFORMATION_FORMAT = "dwarf-with-dsym";
				ENABLE_NS_ASSERTIONS = NO;
				ENABLE_STRICT_OBJC_MSGSEND = YES;
				GCC_C_LANGUAGE_STANDARD = gnu11;
				GCC_NO_COMMON_BLOCKS = YES;
				GCC_WARN_64_TO_32_BIT_CONVERSION = YES;
				GCC_WARN_ABOUT_RETURN_TYPE = YES_ERROR;
				GCC_WARN_UNDECLARED_SELECTOR = YES;
				GCC_WARN_UNINITIALIZED_AUTOS = YES_AGGRESSIVE;
				GCC_WARN_UNUSED_FUNCTION = YES;
				GCC_WARN_UNUSED_VARIABLE = YES;
				IPHONEOS_DEPLOYMENT_TARGET = 15.2;
				MTL_ENABLE_DEBUG_INFO = NO;
				MTL_FAST_MATH = YES;
				SDKROOT = iphoneos;
				SWIFT_COMPILATION_MODE = wholemodule;
				SWIFT_OPTIMIZATION_LEVEL = "-O";
				VALIDATE_PRODUCT = YES;
			};
			name = Release;
		};
		F7DCC40C28994A0C00E79FDC /* Debug */ = {
			isa = XCBuildConfiguration;
			buildSettings = {
				ASSETCATALOG_COMPILER_APPICON_NAME = AppIcon;
				ASSETCATALOG_COMPILER_GLOBAL_ACCENT_COLOR_NAME = AccentColor;
				CODE_SIGN_STYLE = Automatic;
				CURRENT_PROJECT_VERSION = 1;
				DEVELOPMENT_ASSET_PATHS = "\"TrackWishes/Preview Content\"";
				DEVELOPMENT_TEAM = P9MF2VU639;
				ENABLE_PREVIEWS = YES;
				GENERATE_INFOPLIST_FILE = YES;
				INFOPLIST_FILE = TrackWishes/Configuration/Info.plist;
				INFOPLIST_KEY_UIApplicationSceneManifest_Generation = YES;
				INFOPLIST_KEY_UIApplicationSupportsIndirectInputEvents = YES;
				INFOPLIST_KEY_UILaunchScreen_Generation = YES;
				INFOPLIST_KEY_UISupportedInterfaceOrientations_iPad = "UIInterfaceOrientationPortrait UIInterfaceOrientationPortraitUpsideDown UIInterfaceOrientationLandscapeLeft UIInterfaceOrientationLandscapeRight";
				INFOPLIST_KEY_UISupportedInterfaceOrientations_iPhone = "UIInterfaceOrientationPortrait UIInterfaceOrientationLandscapeLeft UIInterfaceOrientationLandscapeRight";
				IPHONEOS_DEPLOYMENT_TARGET = 15.2;
				LD_RUNPATH_SEARCH_PATHS = (
					"$(inherited)",
					"@executable_path/Frameworks",
				);
				MARKETING_VERSION = 1.0;
				PRODUCT_BUNDLE_IDENTIFIER = com.bozkurt.TrackWishes;
				PRODUCT_NAME = "$(TARGET_NAME)";
				SWIFT_EMIT_LOC_STRINGS = YES;
				SWIFT_VERSION = 5.0;
				TARGETED_DEVICE_FAMILY = "1,2";
			};
			name = Debug;
		};
		F7DCC40D28994A0C00E79FDC /* Release */ = {
			isa = XCBuildConfiguration;
			buildSettings = {
				ASSETCATALOG_COMPILER_APPICON_NAME = AppIcon;
				ASSETCATALOG_COMPILER_GLOBAL_ACCENT_COLOR_NAME = AccentColor;
				CODE_SIGN_STYLE = Automatic;
				CURRENT_PROJECT_VERSION = 1;
				DEVELOPMENT_ASSET_PATHS = "\"TrackWishes/Preview Content\"";
				DEVELOPMENT_TEAM = P9MF2VU639;
				ENABLE_PREVIEWS = YES;
				GENERATE_INFOPLIST_FILE = YES;
				INFOPLIST_FILE = TrackWishes/Configuration/Info.plist;
				INFOPLIST_KEY_UIApplicationSceneManifest_Generation = YES;
				INFOPLIST_KEY_UIApplicationSupportsIndirectInputEvents = YES;
				INFOPLIST_KEY_UILaunchScreen_Generation = YES;
				INFOPLIST_KEY_UISupportedInterfaceOrientations_iPad = "UIInterfaceOrientationPortrait UIInterfaceOrientationPortraitUpsideDown UIInterfaceOrientationLandscapeLeft UIInterfaceOrientationLandscapeRight";
				INFOPLIST_KEY_UISupportedInterfaceOrientations_iPhone = "UIInterfaceOrientationPortrait UIInterfaceOrientationLandscapeLeft UIInterfaceOrientationLandscapeRight";
				IPHONEOS_DEPLOYMENT_TARGET = 15.2;
				LD_RUNPATH_SEARCH_PATHS = (
					"$(inherited)",
					"@executable_path/Frameworks",
				);
				MARKETING_VERSION = 1.0;
				PRODUCT_BUNDLE_IDENTIFIER = com.bozkurt.TrackWishes;
				PRODUCT_NAME = "$(TARGET_NAME)";
				SWIFT_EMIT_LOC_STRINGS = YES;
				SWIFT_VERSION = 5.0;
				TARGETED_DEVICE_FAMILY = "1,2";
			};
			name = Release;
		};
/* End XCBuildConfiguration section */

/* Begin XCConfigurationList section */
		F72BA2E228C7213F004B0A37 /* Build configuration list for PBXNativeTarget "TrackWishesTests" */ = {
			isa = XCConfigurationList;
			buildConfigurations = (
				F72BA2E028C7213F004B0A37 /* Debug */,
				F72BA2E128C7213F004B0A37 /* Release */,
			);
			defaultConfigurationIsVisible = 0;
			defaultConfigurationName = Release;
		};
		F7594ED128D70539004169B4 /* Build configuration list for PBXNativeTarget "TrackWishesUITests" */ = {
			isa = XCConfigurationList;
			buildConfigurations = (
				F7594ECF28D70539004169B4 /* Debug */,
				F7594ED028D70539004169B4 /* Release */,
			);
			defaultConfigurationIsVisible = 0;
			defaultConfigurationName = Release;
		};
		F7DCC3F828994A0A00E79FDC /* Build configuration list for PBXProject "TrackWishes" */ = {
			isa = XCConfigurationList;
			buildConfigurations = (
				F7DCC40928994A0C00E79FDC /* Debug */,
				F7DCC40A28994A0C00E79FDC /* Release */,
			);
			defaultConfigurationIsVisible = 0;
			defaultConfigurationName = Release;
		};
		F7DCC40B28994A0C00E79FDC /* Build configuration list for PBXNativeTarget "TrackWishes" */ = {
			isa = XCConfigurationList;
			buildConfigurations = (
				F7DCC40C28994A0C00E79FDC /* Debug */,
				F7DCC40D28994A0C00E79FDC /* Release */,
			);
			defaultConfigurationIsVisible = 0;
			defaultConfigurationName = Release;
		};
/* End XCConfigurationList section */

/* Begin XCVersionGroup section */
		F7DCC40E28994DAC00E79FDC /* Main.xcdatamodeld */ = {
			isa = XCVersionGroup;
			children = (
				F7DCC40F28994DAC00E79FDC /* Main.xcdatamodel */,
			);
			currentVersion = F7DCC40F28994DAC00E79FDC /* Main.xcdatamodel */;
			path = Main.xcdatamodeld;
			sourceTree = "<group>";
			versionGroupType = wrapper.xcdatamodel;
		};
/* End XCVersionGroup section */
	};
	rootObject = F7DCC3F528994A0A00E79FDC /* Project object */;
}
